# This file is automatically @generated by Poetry 1.7.1 and should not be changed by hand.

[[package]]
name = "things-py"
version = "0.0.15"
description = "A simple Python 3 library to read your Things app data."
optional = false
python-versions = ">=3.7"
files = [
    {file = "things.py-0.0.15-py3-none-any.whl", hash = "sha256:5c75e7f35eb6e9558fa937bfa0b7563f5dc3b726adade836131e572a15c47a0d"},
    {file = "things.py-0.0.15.tar.gz", hash = "sha256:95ee8602083cf8b9fde59f64486fa6f3d13b1f84bd565c60dd77599c07e7ea16"},
]

[metadata]
lock-version = "2.0"
python-versions = "^3.8"
content-hash = "e5685d831e7e0ca1ff0819d017ccc16b532081b5a99d823d23fb2932c5907108"
